
Microsoft Visual Studio Solution File, Format Version 11.00
# Visual Studio 2010
Project("{8BC9CEB8-8B4A-11D0-8D11-00A0C91BC942}") = "thinkgear_testapp", "thinkgear_testapp.vcxproj", "{AFCF0F85-B986-D974-5D5D-4598A6E47FED}"
EndProject
Global
	GlobalSection(SolutionConfigurationPlatforms) = preSolution
		Debug|Win32 = Debug|Win32
		Release|Win32 = Release|Win32
	EndGlobalSection
	GlobalSection(ProjectConfigurationPlatforms) = postSolution
		{AFCF0F85-B986-D974-5D5D-4598A6E47FED}.Debug|Win32.ActiveCfg = Debug|Win32
		{AFCF0F85-B986-D974-5D5D-4598A6E47FED}.Debug|Win32.Build.0 = Debug|Win32
		{AFCF0F85-B986-D974-5D5D-4598A6E47FED}.Release|Win32.ActiveCfg = Release|Win32
		{AFCF0F85-B986-D974-5D5D-4598A6E47FED}.Release|Win32.Build.0 = Release|Win32
	EndGlobalSection
	GlobalSection(SolutionProperties) = preSolution
		HideSolutionNode = FALSE
	EndGlobalSection
EndGlobal
